
Microsoft Visual Studio Solution File, Format Version 12.00
# Visual Studio Version 17
VisualStudioVersion = 17.11.35222.181
MinimumVisualStudioVersion = 10.0.40219.1
Project("{2150E333-8FDC-42A3-9474-1A3956D46DE8}") = "Task0", "Task0", "{362B429C-EDB4-4AE9-8AFB-24EC470C9F7B}"
EndProject
Project("{FAE04EC0-301F-11D3-BF4B-00C04F79EFBC}") = "Tyuiu.MorozovSM.Sprint0.Task0.V0", "Tyuiu.MorozovSM.Sprint0.Task0.V0\Tyuiu.MorozovSM.Sprint0.Task0.V0.csproj", "{133D7DD9-580B-41CD-B655-3F0E0F5AB814}"
EndProject
Global
	GlobalSection(SolutionConfigurationPlatforms) = preSolution
		Debug|Any CPU = Debug|Any CPU
		Release|Any CPU = Release|Any CPU
	EndGlobalSection
	GlobalSection(ProjectConfigurationPlatforms) = postSolution
		{133D7DD9-580B-41CD-B655-3F0E0F5AB814}.Debug|Any CPU.ActiveCfg = Debug|Any CPU
		{133D7DD9-580B-41CD-B655-3F0E0F5AB814}.Debug|Any CPU.Build.0 = Debug|Any CPU
		{133D7DD9-580B-41CD-B655-3F0E0F5AB814}.Release|Any CPU.ActiveCfg = Release|Any CPU
		{133D7DD9-580B-41CD-B655-3F0E0F5AB814}.Release|Any CPU.Build.0 = Release|Any CPU
	EndGlobalSection
	GlobalSection(SolutionProperties) = preSolution
		HideSolutionNode = FALSE
	EndGlobalSection
	GlobalSection(NestedProjects) = preSolution
		{133D7DD9-580B-41CD-B655-3F0E0F5AB814} = {362B429C-EDB4-4AE9-8AFB-24EC470C9F7B}
	EndGlobalSection
	GlobalSection(ExtensibilityGlobals) = postSolution
		SolutionGuid = {2EA2D8B4-FB50-4748-A43D-C74234E80A7E}
	EndGlobalSection
EndGlobal
